// !$*UTF8*$!
{
	archiveVersion = 1;
	classes = {
	};
	objectVersion = 56;
	objects = {

/* Begin PBXBuildFile section */
		400D0D8F2971C4DD0057F5B8 /* iOSlackyPApp.swift in Sources */ = {isa = PBXBuildFile; fileRef = 400D0D8E2971C4DD0057F5B8 /* iOSlackyPApp.swift */; };
		400D0D912971C4DD0057F5B8 /* ContentView.swift in Sources */ = {isa = PBXBuildFile; fileRef = 400D0D902971C4DD0057F5B8 /* ContentView.swift */; };
		400D0D932971C4DF0057F5B8 /* Assets.xcassets in Resources */ = {isa = PBXBuildFile; fileRef = 400D0D922971C4DF0057F5B8 /* Assets.xcassets */; };
		400D0D962971C4DF0057F5B8 /* Preview Assets.xcassets in Resources */ = {isa = PBXBuildFile; fileRef = 400D0D952971C4DF0057F5B8 /* Preview Assets.xcassets */; };
		400D0D9F2971C54D0057F5B8 /* logic.swift in Sources */ = {isa = PBXBuildFile; fileRef = 400D0D9E2971C54D0057F5B8 /* logic.swift */; };
		400D0DA12971C5B70057F5B8 /* MainActivity.swift in Sources */ = {isa = PBXBuildFile; fileRef = 400D0DA02971C5B70057F5B8 /* MainActivity.swift */; };
		400D0DA32971CFF00057F5B8 /* StoryWindow.swift in Sources */ = {isa = PBXBuildFile; fileRef = 400D0DA22971CFF00057F5B8 /* StoryWindow.swift */; };
		400D0DA52971D00E0057F5B8 /* InventoryWindow.swift in Sources */ = {isa = PBXBuildFile; fileRef = 400D0DA42971D00E0057F5B8 /* InventoryWindow.swift */; };
		400D0DA82971D0340057F5B8 /* FightWindowActivity.swift in Sources */ = {isa = PBXBuildFile; fileRef = 400D0DA72971D0340057F5B8 /* FightWindowActivity.swift */; };
		400D0DAA2971D0CC0057F5B8 /* raw in Resources */ = {isa = PBXBuildFile; fileRef = 400D0DA92971D0CC0057F5B8 /* raw */; };
/* End PBXBuildFile section */

/* Begin PBXFileReference section */
		400D0D8B2971C4DD0057F5B8 /* iOSlackyP.app */ = {isa = PBXFileReference; explicitFileType = wrapper.application; includeInIndex = 0; path = iOSlackyP.app; sourceTree = BUILT_PRODUCTS_DIR; };
		400D0D8E2971C4DD0057F5B8 /* iOSlackyPApp.swift */ = {isa = PBXFileReference; lastKnownFileType = sourcecode.swift; path = iOSlackyPApp.swift; sourceTree = "<group>"; };
		400D0D902971C4DD0057F5B8 /* ContentView.swift */ = {isa = PBXFileReference; lastKnownFileType = sourcecode.swift; path = ContentView.swift; sourceTree = "<group>"; };
		400D0D922971C4DF0057F5B8 /* Assets.xcassets */ = {isa = PBXFileReference; lastKnownFileType = folder.assetcatalog; path = Assets.xcassets; sourceTree = "<group>"; };
		400D0D952971C4DF0057F5B8 /* Preview Assets.xcassets */ = {isa = PBXFileReference; lastKnownFileType = folder.assetcatalog; path = "Preview Assets.xcassets"; sourceTree = "<group>"; };
		400D0D9E2971C54D0057F5B8 /* logic.swift */ = {isa = PBXFileReference; lastKnownFileType = sourcecode.swift; path = logic.swift; sourceTree = "<group>"; };
		400D0DA02971C5B70057F5B8 /* MainActivity.swift */ = {isa = PBXFileReference; lastKnownFileType = sourcecode.swift; path = MainActivity.swift; sourceTree = "<group>"; };
		400D0DA22971CFF00057F5B8 /* StoryWindow.swift */ = {isa = PBXFileReference; lastKnownFileType = sourcecode.swift; path = StoryWindow.swift; sourceTree = "<group>"; };
		400D0DA42971D00E0057F5B8 /* InventoryWindow.swift */ = {isa = PBXFileReference; lastKnownFileType = sourcecode.swift; path = InventoryWindow.swift; sourceTree = "<group>"; };
		400D0DA72971D0340057F5B8 /* FightWindowActivity.swift */ = {isa = PBXFileReference; lastKnownFileType = sourcecode.swift; path = FightWindowActivity.swift; sourceTree = "<group>"; };
		400D0DA92971D0CC0057F5B8 /* raw */ = {isa = PBXFileReference; lastKnownFileType = folder; path = raw; sourceTree = "<group>"; };
/* End PBXFileReference section */

/* Begin PBXFrameworksBuildPhase section */
		400D0D882971C4DD0057F5B8 /* Frameworks */ = {
			isa = PBXFrameworksBuildPhase;
			buildActionMask = 2147483647;
			files = (
			);
			runOnlyForDeploymentPostprocessing = 0;
		};
/* End PBXFrameworksBuildPhase section */

/* Begin PBXGroup section */
		400D0D822971C4DD0057F5B8 = {
			isa = PBXGroup;
			children = (
				400D0D8D2971C4DD0057F5B8 /* iOSlackyP */,
				400D0D8C2971C4DD0057F5B8 /* Products */,
			);
			sourceTree = "<group>";
		};
		400D0D8C2971C4DD0057F5B8 /* Products */ = {
			isa = PBXGroup;
			children = (
				400D0D8B2971C4DD0057F5B8 /* iOSlackyP.app */,
			);
			name = Products;
			sourceTree = "<group>";
		};
		400D0D8D2971C4DD0057F5B8 /* iOSlackyP */ = {
			isa = PBXGroup;
			children = (
				400D0D8E2971C4DD0057F5B8 /* iOSlackyPApp.swift */,
				400D0D902971C4DD0057F5B8 /* ContentView.swift */,
				400D0D922971C4DF0057F5B8 /* Assets.xcassets */,
				400D0D942971C4DF0057F5B8 /* Preview Content */,
				400D0D9E2971C54D0057F5B8 /* logic.swift */,
				400D0DA02971C5B70057F5B8 /* MainActivity.swift */,
				400D0DA22971CFF00057F5B8 /* StoryWindow.swift */,
				400D0DA42971D00E0057F5B8 /* InventoryWindow.swift */,
				400D0DA72971D0340057F5B8 /* FightWindowActivity.swift */,
				400D0DA92971D0CC0057F5B8 /* raw */,
			);
			path = iOSlackyP;
			sourceTree = "<group>";
		};
		400D0D942971C4DF0057F5B8 /* Preview Content */ = {
			isa = PBXGroup;
			children = (
				400D0D952971C4DF0057F5B8 /* Preview Assets.xcassets */,
			);
			path = "Preview Content";
			sourceTree = "<group>";
		};
/* End PBXGroup section */

/* Begin PBXNativeTarget section */
		400D0D8A2971C4DD0057F5B8 /* iOSlackyP */ = {
			isa = PBXNativeTarget;
			buildConfigurationList = 400D0D992971C4DF0057F5B8 /* Build configuration list for PBXNativeTarget "iOSlackyP" */;
			buildPhases = (
				400D0D872971C4DD0057F5B8 /* Sources */,
				400D0D882971C4DD0057F5B8 /* Frameworks */,
				400D0D892971C4DD0057F5B8 /* Resources */,
			);
			buildRules = (
			);
			dependencies = (
			);
			name = iOSlackyP;
			productName = iOSlackyP;
			productReference = 400D0D8B2971C4DD0057F5B8 /* iOSlackyP.app */;
			productType = "com.apple.product-type.application";
		};
/* End PBXNativeTarget section */

/* Begin PBXProject section */
		400D0D832971C4DD0057F5B8 /* Project object */ = {
			isa = PBXProject;
			attributes = {
				BuildIndependentTargetsInParallel = 1;
				LastSwiftUpdateCheck = 1420;
				LastUpgradeCheck = 1420;
				TargetAttributes = {
					400D0D8A2971C4DD0057F5B8 = {
						CreatedOnToolsVersion = 14.2;
					};
				};
			};
			buildConfigurationList = 400D0D862971C4DD0057F5B8 /* Build configuration list for PBXProject "iOSlackyP" */;
			compatibilityVersion = "Xcode 14.0";
			developmentRegion = en;
			hasScannedForEncodings = 0;
			knownRegions = (
				en,
				Base,
			);
			mainGroup = 400D0D822971C4DD0057F5B8;
			productRefGroup = 400D0D8C2971C4DD0057F5B8 /* Products */;
			projectDirPath = "";
			projectRoot = "";
			targets = (
				400D0D8A2971C4DD0057F5B8 /* iOSlackyP */,
			);
		};
/* End PBXProject section */

/* Begin PBXResourcesBuildPhase section */
		400D0D892971C4DD0057F5B8 /* Resources */ = {
			isa = PBXResourcesBuildPhase;
			buildActionMask = 2147483647;
			files = (
				400D0DAA2971D0CC0057F5B8 /* raw in Resources */,
				400D0D962971C4DF0057F5B8 /* Preview Assets.xcassets in Resources */,
				400D0D932971C4DF0057F5B8 /* Assets.xcassets in Resources */,
			);
			runOnlyForDeploymentPostprocessing = 0;
		};
/* End PBXResourcesBuildPhase section */

/* Begin PBXSourcesBuildPhase section */
		400D0D872971C4DD0057F5B8 /* Sources */ = {
			isa = PBXSourcesBuildPhase;
			buildActionMask = 2147483647;
			files = (
				400D0DA52971D00E0057F5B8 /* InventoryWindow.swift in Sources */,
				400D0D912971C4DD0057F5B8 /* ContentView.swift in Sources */,
				400D0D9F2971C54D0057F5B8 /* logic.swift in Sources */,
				400D0D8F2971C4DD0057F5B8 /* iOSlackyPApp.swift in Sources */,
				400D0DA12971C5B70057F5B8 /* MainActivity.swift in Sources */,
				400D0DA82971D0340057F5B8 /* FightWindowActivity.swift in Sources */,
				400D0DA32971CFF00057F5B8 /* StoryWindow.swift in Sources */,
			);
			runOnlyForDeploymentPostprocessing = 0;
		};
/* End PBXSourcesBuildPhase section */

/* Begin XCBuildConfiguration section */
		400D0D972971C4DF0057F5B8 /* Debug */ = {
			isa = XCBuildConfiguration;
			buildSettings = {
				ALWAYS_SEARCH_USER_PATHS = NO;
				CLANG_ANALYZER_NONNULL = YES;
				CLANG_ANALYZER_NUMBER_OBJECT_CONVERSION = YES_AGGRESSIVE;
				CLANG_CXX_LANGUAGE_STANDARD = "gnu++20";
				CLANG_ENABLE_MODULES = YES;
				CLANG_ENABLE_OBJC_ARC = YES;
				CLANG_ENABLE_OBJC_WEAK = YES;
				CLANG_WARN_BLOCK_CAPTURE_AUTORELEASING = YES;
				CLANG_WARN_BOOL_CONVERSION = YES;
				CLANG_WARN_COMMA = YES;
				CLANG_WARN_CONSTANT_CONVERSION = YES;
				CLANG_WARN_DEPRECATED_OBJC_IMPLEMENTATIONS = YES;
				CLANG_WARN_DIRECT_OBJC_ISA_USAGE = YES_ERROR;
				CLANG_WARN_DOCUMENTATION_COMMENTS = YES;
				CLANG_WARN_EMPTY_BODY = YES;
				CLANG_WARN_ENUM_CONVERSION = YES;
				CLANG_WARN_INFINITE_RECURSION = YES;
				CLANG_WARN_INT_CONVERSION = YES;
				CLANG_WARN_NON_LITERAL_NULL_CONVERSION = YES;
				CLANG_WARN_OBJC_IMPLICIT_RETAIN_SELF = YES;
				CLANG_WARN_OBJC_LITERAL_CONVERSION = YES;
				CLANG_WARN_OBJC_ROOT_CLASS = YES_ERROR;
				CLANG_WARN_QUOTED_INCLUDE_IN_FRAMEWORK_HEADER = YES;
				CLANG_WARN_RANGE_LOOP_ANALYSIS = YES;
				CLANG_WARN_STRICT_PROTOTYPES = YES;
				CLANG_WARN_SUSPICIOUS_MOVE = YES;
				CLANG_WARN_UNGUARDED_AVAILABILITY = YES_AGGRESSIVE;
				CLANG_WARN_UNREACHABLE_CODE = YES;
				CLANG_WARN__DUPLICATE_METHOD_MATCH = YES;
				COPY_PHASE_STRIP = NO;
				DEBUG_INFORMATION_FORMAT = dwarf;
				ENABLE_STRICT_OBJC_MSGSEND = YES;
				ENABLE_TESTABILITY = YES;
				GCC_C_LANGUAGE_STANDARD = gnu11;
				GCC_DYNAMIC_NO_PIC = NO;
				GCC_NO_COMMON_BLOCKS = YES;
				GCC_OPTIMIZATION_LEVEL = 0;
				GCC_PREPROCESSOR_DEFINITIONS = (
					"DEBUG=1",
					"$(inherited)",
				);
				GCC_WARN_64_TO_32_BIT_CONVERSION = YES;
				GCC_WARN_ABOUT_RETURN_TYPE = YES_ERROR;
				GCC_WARN_UNDECLARED_SELECTOR = YES;
				GCC_WARN_UNINITIALIZED_AUTOS = YES_AGGRESSIVE;
				GCC_WARN_UNUSED_FUNCTION = YES;
				GCC_WARN_UNUSED_VARIABLE = YES;
				IPHONEOS_DEPLOYMENT_TARGET = 16.2;
				MTL_ENABLE_DEBUG_INFO = INCLUDE_SOURCE;
				MTL_FAST_MATH = YES;
				ONLY_ACTIVE_ARCH = YES;
				SDKROOT = iphoneos;
				SWIFT_ACTIVE_COMPILATION_CONDITIONS = DEBUG;
				SWIFT_OPTIMIZATION_LEVEL = "-Onone";
			};
			name = Debug;
		};
		400D0D982971C4DF0057F5B8 /* Release */ = {
			isa = XCBuildConfiguration;
			buildSettings = {
				ALWAYS_SEARCH_USER_PATHS = NO;
				CLANG_ANALYZER_NONNULL = YES;
				CLANG_ANALYZER_NUMBER_OBJECT_CONVERSION = YES_AGGRESSIVE;
				CLANG_CXX_LANGUAGE_STANDARD = "gnu++20";
				CLANG_ENABLE_MODULES = YES;
				CLANG_ENABLE_OBJC_ARC = YES;
				CLANG_ENABLE_OBJC_WEAK = YES;
				CLANG_WARN_BLOCK_CAPTURE_AUTORELEASING = YES;
				CLANG_WARN_BOOL_CONVERSION = YES;
				CLANG_WARN_COMMA = YES;
				CLANG_WARN_CONSTANT_CONVERSION = YES;
				CLANG_WARN_DEPRECATED_OBJC_IMPLEMENTATIONS = YES;
				CLANG_WARN_DIRECT_OBJC_ISA_USAGE = YES_ERROR;
				CLANG_WARN_DOCUMENTATION_COMMENTS = YES;
				CLANG_WARN_EMPTY_BODY = YES;
				CLANG_WARN_ENUM_CONVERSION = YES;
				CLANG_WARN_INFINITE_RECURSION = YES;
				CLANG_WARN_INT_CONVERSION = YES;
				CLANG_WARN_NON_LITERAL_NULL_CONVERSION = YES;
				CLANG_WARN_OBJC_IMPLICIT_RETAIN_SELF = YES;
				CLANG_WARN_OBJC_LITERAL_CONVERSION = YES;
				CLANG_WARN_OBJC_ROOT_CLASS = YES_ERROR;
				CLANG_WARN_QUOTED_INCLUDE_IN_FRAMEWORK_HEADER = YES;
				CLANG_WARN_RANGE_LOOP_ANALYSIS = YES;
				CLANG_WARN_STRICT_PROTOTYPES = YES;
				CLANG_WARN_SUSPICIOUS_MOVE = YES;
				CLANG_WARN_UNGUARDED_AVAILABILITY = YES_AGGRESSIVE;
				CLANG_WARN_UNREACHABLE_CODE = YES;
				CLANG_WARN__DUPLICATE_METHOD_MATCH = YES;
				COPY_PHASE_STRIP = NO;
				DEBUG_INFORMATION_FORMAT = "dwarf-with-dsym";
				ENABLE_NS_ASSERTIONS = NO;
				ENABLE_STRICT_OBJC_MSGSEND = YES;
				GCC_C_LANGUAGE_STANDARD = gnu11;
				GCC_NO_COMMON_BLOCKS = YES;
				GCC_WARN_64_TO_32_BIT_CONVERSION = YES;
				GCC_WARN_ABOUT_RETURN_TYPE = YES_ERROR;
				GCC_WARN_UNDECLARED_SELECTOR = YES;
				GCC_WARN_UNINITIALIZED_AUTOS = YES_AGGRESSIVE;
				GCC_WARN_UNUSED_FUNCTION = YES;
				GCC_WARN_UNUSED_VARIABLE = YES;
				IPHONEOS_DEPLOYMENT_TARGET = 16.2;
				MTL_ENABLE_DEBUG_INFO = NO;
				MTL_FAST_MATH = YES;
				SDKROOT = iphoneos;
				SWIFT_COMPILATION_MODE = wholemodule;
				SWIFT_OPTIMIZATION_LEVEL = "-O";
				VALIDATE_PRODUCT = YES;
			};
			name = Release;
		};
		400D0D9A2971C4DF0057F5B8 /* Debug */ = {
			isa = XCBuildConfiguration;
			buildSettings = {
				ASSETCATALOG_COMPILER_APPICON_NAME = AppIcon;
				ASSETCATALOG_COMPILER_GLOBAL_ACCENT_COLOR_NAME = AccentColor;
				CODE_SIGN_STYLE = Automatic;
				CURRENT_PROJECT_VERSION = 1;
				DEVELOPMENT_ASSET_PATHS = "\"iOSlackyP/Preview Content\"";
				DEVELOPMENT_TEAM = H6466NBM9Y;
				ENABLE_PREVIEWS = YES;
				GENERATE_INFOPLIST_FILE = YES;
				INFOPLIST_KEY_UIApplicationSceneManifest_Generation = YES;
				INFOPLIST_KEY_UIApplicationSupportsIndirectInputEvents = YES;
				INFOPLIST_KEY_UILaunchScreen_Generation = YES;
				INFOPLIST_KEY_UISupportedInterfaceOrientations_iPad = "UIInterfaceOrientationPortrait UIInterfaceOrientationPortraitUpsideDown UIInterfaceOrientationLandscapeLeft UIInterfaceOrientationLandscapeRight";
				INFOPLIST_KEY_UISupportedInterfaceOrientations_iPhone = "UIInterfaceOrientationPortrait UIInterfaceOrientationLandscapeLeft UIInterfaceOrientationLandscapeRight";
				LD_RUNPATH_SEARCH_PATHS = (
					"$(inherited)",
					"@executable_path/Frameworks",
				);
				MARKETING_VERSION = 1.0;
				PRODUCT_BUNDLE_IDENTIFIER = idk.iOSlackyP;
				PRODUCT_NAME = "$(TARGET_NAME)";
				SWIFT_EMIT_LOC_STRINGS = YES;
				SWIFT_VERSION = 5.0;
				TARGETED_DEVICE_FAMILY = "1,2";
			};
			name = Debug;
		};
		400D0D9B2971C4DF0057F5B8 /* Release */ = {
			isa = XCBuildConfiguration;
			buildSettings = {
				ASSETCATALOG_COMPILER_APPICON_NAME = AppIcon;
				ASSETCATALOG_COMPILER_GLOBAL_ACCENT_COLOR_NAME = AccentColor;
				CODE_SIGN_STYLE = Automatic;
				CURRENT_PROJECT_VERSION = 1;
				DEVELOPMENT_ASSET_PATHS = "\"iOSlackyP/Preview Content\"";
				DEVELOPMENT_TEAM = H6466NBM9Y;
				ENABLE_PREVIEWS = YES;
				GENERATE_INFOPLIST_FILE = YES;
				INFOPLIST_KEY_UIApplicationSceneManifest_Generation = YES;
				INFOPLIST_KEY_UIApplicationSupportsIndirectInputEvents = YES;
				INFOPLIST_KEY_UILaunchScreen_Generation = YES;
				INFOPLIST_KEY_UISupportedInterfaceOrientations_iPad = "UIInterfaceOrientationPortrait UIInterfaceOrientationPortraitUpsideDown UIInterfaceOrientationLandscapeLeft UIInterfaceOrientationLandscapeRight";
				INFOPLIST_KEY_UISupportedInterfaceOrientations_iPhone = "UIInterfaceOrientationPortrait UIInterfaceOrientationLandscapeLeft UIInterfaceOrientationLandscapeRight";
				LD_RUNPATH_SEARCH_PATHS = (
					"$(inherited)",
					"@executable_path/Frameworks",
				);
				MARKETING_VERSION = 1.0;
				PRODUCT_BUNDLE_IDENTIFIER = idk.iOSlackyP;
				PRODUCT_NAME = "$(TARGET_NAME)";
				SWIFT_EMIT_LOC_STRINGS = YES;
				SWIFT_VERSION = 5.0;
				TARGETED_DEVICE_FAMILY = "1,2";
			};
			name = Release;
		};
/* End XCBuildConfiguration section */

/* Begin XCConfigurationList section */
		400D0D862971C4DD0057F5B8 /* Build configuration list for PBXProject "iOSlackyP" */ = {
			isa = XCConfigurationList;
			buildConfigurations = (
				400D0D972971C4DF0057F5B8 /* Debug */,
				400D0D982971C4DF0057F5B8 /* Release */,
			);
			defaultConfigurationIsVisible = 0;
			defaultConfigurationName = Release;
		};
		400D0D992971C4DF0057F5B8 /* Build configuration list for PBXNativeTarget "iOSlackyP" */ = {
			isa = XCConfigurationList;
			buildConfigurations = (
				400D0D9A2971C4DF0057F5B8 /* Debug */,
				400D0D9B2971C4DF0057F5B8 /* Release */,
			);
			defaultConfigurationIsVisible = 0;
			defaultConfigurationName = Release;
		};
/* End XCConfigurationList section */
	};
	rootObject = 400D0D832971C4DD0057F5B8 /* Project object */;
}
